// !$*UTF8*$!
{
	archiveVersion = 1;
	classes = {
	};
	objectVersion = 46;
	objects = {

/* Begin PBXBuildFile section */
		4EC89C511A6DBEE5001802D2 /* AppDelegate.swift in Sources */ = {isa = PBXBuildFile; fileRef = 4EC89C501A6DBEE5001802D2 /* AppDelegate.swift */; };
		4EC89C531A6DBEE5001802D2 /* MasterViewController.swift in Sources */ = {isa = PBXBuildFile; fileRef = 4EC89C521A6DBEE5001802D2 /* MasterViewController.swift */; };
		4EC89C551A6DBEE5001802D2 /* DetailViewController.swift in Sources */ = {isa = PBXBuildFile; fileRef = 4EC89C541A6DBEE5001802D2 /* DetailViewController.swift */; };
		4EC89C581A6DBEE5001802D2 /* Main.storyboard in Resources */ = {isa = PBXBuildFile; fileRef = 4EC89C561A6DBEE5001802D2 /* Main.storyboard */; };
		4EC89C5A1A6DBEE5001802D2 /* Images.xcassets in Resources */ = {isa = PBXBuildFile; fileRef = 4EC89C591A6DBEE5001802D2 /* Images.xcassets */; };
		4EC89C5D1A6DBEE5001802D2 /* LaunchScreen.xib in Resources */ = {isa = PBXBuildFile; fileRef = 4EC89C5B1A6DBEE5001802D2 /* LaunchScreen.xib */; };
		4EC89C691A6DBEE5001802D2 /* TwitterSearchesTests.swift in Sources */ = {isa = PBXBuildFile; fileRef = 4EC89C681A6DBEE5001802D2 /* TwitterSearchesTests.swift */; };
		4EC89C741A6DC233001802D2 /* Model.swift in Sources */ = {isa = PBXBuildFile; fileRef = 4EC89C731A6DC233001802D2 /* Model.swift */; };
/* End PBXBuildFile section */

/* Begin PBXContainerItemProxy section */
		4EC89C631A6DBEE5001802D2 /* PBXContainerItemProxy */ = {
			isa = PBXContainerItemProxy;
			containerPortal = 4EC89C431A6DBEE5001802D2 /* Project object */;
			proxyType = 1;
			remoteGlobalIDString = 4EC89C4A1A6DBEE5001802D2;
			remoteInfo = TwitterSearches;
		};
/* End PBXContainerItemProxy section */

/* Begin PBXFileReference section */
		4EC89C4B1A6DBEE5001802D2 /* TwitterSearches.app */ = {isa = PBXFileReference; explicitFileType = wrapper.application; includeInIndex = 0; path = TwitterSearches.app; sourceTree = BUILT_PRODUCTS_DIR; };
		4EC89C4F1A6DBEE5001802D2 /* Info.plist */ = {isa = PBXFileReference; lastKnownFileType = text.plist.xml; path = Info.plist; sourceTree = "<group>"; };
		4EC89C501A6DBEE5001802D2 /* AppDelegate.swift */ = {isa = PBXFileReference; lastKnownFileType = sourcecode.swift; path = AppDelegate.swift; sourceTree = "<group>"; };
		4EC89C521A6DBEE5001802D2 /* MasterViewController.swift */ = {isa = PBXFileReference; lastKnownFileType = sourcecode.swift; path = MasterViewController.swift; sourceTree = "<group>"; };
		4EC89C541A6DBEE5001802D2 /* DetailViewController.swift */ = {isa = PBXFileReference; lastKnownFileType = sourcecode.swift; path = DetailViewController.swift; sourceTree = "<group>"; };
		4EC89C571A6DBEE5001802D2 /* Base */ = {isa = PBXFileReference; lastKnownFileType = file.storyboard; name = Base; path = Base.lproj/Main.storyboard; sourceTree = "<group>"; };
		4EC89C591A6DBEE5001802D2 /* Images.xcassets */ = {isa = PBXFileReference; lastKnownFileType = folder.assetcatalog; path = Images.xcassets; sourceTree = "<group>"; };
		4EC89C5C1A6DBEE5001802D2 /* Base */ = {isa = PBXFileReference; lastKnownFileType = file.xib; name = Base; path = Base.lproj/LaunchScreen.xib; sourceTree = "<group>"; };
		4EC89C621A6DBEE5001802D2 /* TwitterSearchesTests.xctest */ = {isa = PBXFileReference; explicitFileType = wrapper.cfbundle; includeInIndex = 0; path = TwitterSearchesTests.xctest; sourceTree = BUILT_PRODUCTS_DIR; };
		4EC89C671A6DBEE5001802D2 /* Info.plist */ = {isa = PBXFileReference; lastKnownFileType = text.plist.xml; path = Info.plist; sourceTree = "<group>"; };
		4EC89C681A6DBEE5001802D2 /* TwitterSearchesTests.swift */ = {isa = PBXFileReference; lastKnownFileType = sourcecode.swift; path = TwitterSearchesTests.swift; sourceTree = "<group>"; };
		4EC89C721A6DBF0B001802D2 /* TwitterSearches.entitlements */ = {isa = PBXFileReference; lastKnownFileType = text.xml; path = TwitterSearches.entitlements; sourceTree = "<group>"; };
		4EC89C731A6DC233001802D2 /* Model.swift */ = {isa = PBXFileReference; fileEncoding = 4; lastKnownFileType = sourcecode.swift; path = Model.swift; sourceTree = "<group>"; };
/* End PBXFileReference section */

/* Begin PBXFrameworksBuildPhase section */
		4EC89C481A6DBEE5001802D2 /* Frameworks */ = {
			isa = PBXFrameworksBuildPhase;
			buildActionMask = 2147483647;
			files = (
			);
			runOnlyForDeploymentPostprocessing = 0;
		};
		4EC89C5F1A6DBEE5001802D2 /* Frameworks */ = {
			isa = PBXFrameworksBuildPhase;
			buildActionMask = 2147483647;
			files = (
			);
			runOnlyForDeploymentPostprocessing = 0;
		};
/* End PBXFrameworksBuildPhase section */

/* Begin PBXGroup section */
		4EC89C421A6DBEE4001802D2 = {
			isa = PBXGroup;
			children = (
				4EC89C4D1A6DBEE5001802D2 /* TwitterSearches */,
				4EC89C651A6DBEE5001802D2 /* TwitterSearchesTests */,
				4EC89C4C1A6DBEE5001802D2 /* Products */,
			);
			sourceTree = "<group>";
		};
		4EC89C4C1A6DBEE5001802D2 /* Products */ = {
			isa = PBXGroup;
			children = (
				4EC89C4B1A6DBEE5001802D2 /* TwitterSearches.app */,
				4EC89C621A6DBEE5001802D2 /* TwitterSearchesTests.xctest */,
			);
			name = Products;
			sourceTree = "<group>";
		};
		4EC89C4D1A6DBEE5001802D2 /* TwitterSearches */ = {
			isa = PBXGroup;
			children = (
				4EC89C721A6DBF0B001802D2 /* TwitterSearches.entitlements */,
				4EC89C501A6DBEE5001802D2 /* AppDelegate.swift */,
				4EC89C521A6DBEE5001802D2 /* MasterViewController.swift */,
				4EC89C731A6DC233001802D2 /* Model.swift */,
				4EC89C541A6DBEE5001802D2 /* DetailViewController.swift */,
				4EC89C561A6DBEE5001802D2 /* Main.storyboard */,
				4EC89C591A6DBEE5001802D2 /* Images.xcassets */,
				4EC89C5B1A6DBEE5001802D2 /* LaunchScreen.xib */,
				4EC89C4E1A6DBEE5001802D2 /* Supporting Files */,
			);
			path = TwitterSearches;
			sourceTree = "<group>";
		};
		4EC89C4E1A6DBEE5001802D2 /* Supporting Files */ = {
			isa = PBXGroup;
			children = (
				4EC89C4F1A6DBEE5001802D2 /* Info.plist */,
			);
			name = "Supporting Files";
			sourceTree = "<group>";
		};
		4EC89C651A6DBEE5001802D2 /* TwitterSearchesTests */ = {
			isa = PBXGroup;
			children = (
				4EC89C681A6DBEE5001802D2 /* TwitterSearchesTests.swift */,
				4EC89C661A6DBEE5001802D2 /* Supporting Files */,
			);
			path = TwitterSearchesTests;
			sourceTree = "<group>";
		};
		4EC89C661A6DBEE5001802D2 /* Supporting Files */ = {
			isa = PBXGroup;
			children = (
				4EC89C671A6DBEE5001802D2 /* Info.plist */,
			);
			name = "Supporting Files";
			sourceTree = "<group>";
		};
/* End PBXGroup section */

/* Begin PBXNativeTarget section */
		4EC89C4A1A6DBEE5001802D2 /* TwitterSearches */ = {
			isa = PBXNativeTarget;
			buildConfigurationList = 4EC89C6C1A6DBEE5001802D2 /* Build configuration list for PBXNativeTarget "TwitterSearches" */;
			buildPhases = (
				4EC89C471A6DBEE5001802D2 /* Sources */,
				4EC89C481A6DBEE5001802D2 /* Frameworks */,
				4EC89C491A6DBEE5001802D2 /* Resources */,
			);
			buildRules = (
			);
			dependencies = (
			);
			name = TwitterSearches;
			productName = TwitterSearches;
			productReference = 4EC89C4B1A6DBEE5001802D2 /* TwitterSearches.app */;
			productType = "com.apple.product-type.application";
		};
		4EC89C611A6DBEE5001802D2 /* TwitterSearchesTests */ = {
			isa = PBXNativeTarget;
			buildConfigurationList = 4EC89C6F1A6DBEE5001802D2 /* Build configuration list for PBXNativeTarget "TwitterSearchesTests" */;
			buildPhases = (
				4EC89C5E1A6DBEE5001802D2 /* Sources */,
				4EC89C5F1A6DBEE5001802D2 /* Frameworks */,
				4EC89C601A6DBEE5001802D2 /* Resources */,
			);
			buildRules = (
			);
			dependencies = (
				4EC89C641A6DBEE5001802D2 /* PBXTargetDependency */,
			);
			name = TwitterSearchesTests;
			productName = TwitterSearchesTests;
			productReference = 4EC89C621A6DBEE5001802D2 /* TwitterSearchesTests.xctest */;
			productType = "com.apple.product-type.bundle.unit-test";
		};
/* End PBXNativeTarget section */

/* Begin PBXProject section */
		4EC89C431A6DBEE5001802D2 /* Project object */ = {
			isa = PBXProject;
			attributes = {
				LastUpgradeCheck = 0610;
				ORGANIZATIONNAME = garyshirk;
				TargetAttributes = {
					4EC89C4A1A6DBEE5001802D2 = {
						CreatedOnToolsVersion = 6.1.1;
						DevelopmentTeam = 5T6QA6HZRH;
						SystemCapabilities = {
							com.apple.iCloud = {
								enabled = 1;
							};
						};
					};
					4EC89C611A6DBEE5001802D2 = {
						CreatedOnToolsVersion = 6.1.1;
						TestTargetID = 4EC89C4A1A6DBEE5001802D2;
					};
				};
			};
			buildConfigurationList = 4EC89C461A6DBEE5001802D2 /* Build configuration list for PBXProject "TwitterSearches" */;
			compatibilityVersion = "Xcode 3.2";
			developmentRegion = English;
			hasScannedForEncodings = 0;
			knownRegions = (
				en,
				Base,
			);
			mainGroup = 4EC89C421A6DBEE4001802D2;
			productRefGroup = 4EC89C4C1A6DBEE5001802D2 /* Products */;
			projectDirPath = "";
			projectRoot = "";
			targets = (
				4EC89C4A1A6DBEE5001802D2 /* TwitterSearches */,
				4EC89C611A6DBEE5001802D2 /* TwitterSearchesTests */,
			);
		};
/* End PBXProject section */

/* Begin PBXResourcesBuildPhase section */
		4EC89C491A6DBEE5001802D2 /* Resources */ = {
			isa = PBXResourcesBuildPhase;
			buildActionMask = 2147483647;
			files = (
				4EC89C581A6DBEE5001802D2 /* Main.storyboard in Resources */,
				4EC89C5D1A6DBEE5001802D2 /* LaunchScreen.xib in Resources */,
				4EC89C5A1A6DBEE5001802D2 /* Images.xcassets in Resources */,
			);
			runOnlyForDeploymentPostprocessing = 0;
		};
		4EC89C601A6DBEE5001802D2 /* Resources */ = {
			isa = PBXResourcesBuildPhase;
			buildActionMask = 2147483647;
			files = (
			);
			runOnlyForDeploymentPostprocessing = 0;
		};
/* End PBXResourcesBuildPhase section */

/* Begin PBXSourcesBuildPhase section */
		4EC89C471A6DBEE5001802D2 /* Sources */ = {
			isa = PBXSourcesBuildPhase;
			buildActionMask = 2147483647;
			files = (
				4EC89C551A6DBEE5001802D2 /* DetailViewController.swift in Sources */,
				4EC89C531A6DBEE5001802D2 /* MasterViewController.swift in Sources */,
				4EC89C511A6DBEE5001802D2 /* AppDelegate.swift in Sources */,
				4EC89C741A6DC233001802D2 /* Model.swift in Sources */,
			);
			runOnlyForDeploymentPostprocessing = 0;
		};
		4EC89C5E1A6DBEE5001802D2 /* Sources */ = {
			isa = PBXSourcesBuildPhase;
			buildActionMask = 2147483647;
			files = (
				4EC89C691A6DBEE5001802D2 /* TwitterSearchesTests.swift in Sources */,
			);
			runOnlyForDeploymentPostprocessing = 0;
		};
/* End PBXSourcesBuildPhase section */

/* Begin PBXTargetDependency section */
		4EC89C641A6DBEE5001802D2 /* PBXTargetDependency */ = {
			isa = PBXTargetDependency;
			target = 4EC89C4A1A6DBEE5001802D2 /* TwitterSearches */;
			targetProxy = 4EC89C631A6DBEE5001802D2 /* PBXContainerItemProxy */;
		};
/* End PBXTargetDependency section */

/* Begin PBXVariantGroup section */
		4EC89C561A6DBEE5001802D2 /* Main.storyboard */ = {
			isa = PBXVariantGroup;
			children = (
				4EC89C571A6DBEE5001802D2 /* Base */,
			);
			name = Main.storyboard;
			sourceTree = "<group>";
		};
		4EC89C5B1A6DBEE5001802D2 /* LaunchScreen.xib */ = {
			isa = PBXVariantGroup;
			children = (
				4EC89C5C1A6DBEE5001802D2 /* Base */,
			);
			name = LaunchScreen.xib;
			sourceTree = "<group>";
		};
/* End PBXVariantGroup section */

/* Begin XCBuildConfiguration section */
		4EC89C6A1A6DBEE5001802D2 /* Debug */ = {
			isa = XCBuildConfiguration;
			buildSettings = {
				ALWAYS_SEARCH_USER_PATHS = NO;
				CLANG_CXX_LANGUAGE_STANDARD = "gnu++0x";
				CLANG_CXX_LIBRARY = "libc++";
				CLANG_ENABLE_MODULES = YES;
				CLANG_ENABLE_OBJC_ARC = YES;
				CLANG_WARN_BOOL_CONVERSION = YES;
				CLANG_WARN_CONSTANT_CONVERSION = YES;
				CLANG_WARN_DIRECT_OBJC_ISA_USAGE = YES_ERROR;
				CLANG_WARN_EMPTY_BODY = YES;
				CLANG_WARN_ENUM_CONVERSION = YES;
				CLANG_WARN_INT_CONVERSION = YES;
				CLANG_WARN_OBJC_ROOT_CLASS = YES_ERROR;
				CLANG_WARN_UNREACHABLE_CODE = YES;
				CLANG_WARN__DUPLICATE_METHOD_MATCH = YES;
				"CODE_SIGN_IDENTITY[sdk=iphoneos*]" = "iPhone Developer";
				COPY_PHASE_STRIP = NO;
				ENABLE_STRICT_OBJC_MSGSEND = YES;
				GCC_C_LANGUAGE_STANDARD = gnu99;
				GCC_DYNAMIC_NO_PIC = NO;
				GCC_OPTIMIZATION_LEVEL = 0;
				GCC_PREPROCESSOR_DEFINITIONS = (
					"DEBUG=1",
					"$(inherited)",
				);
				GCC_SYMBOLS_PRIVATE_EXTERN = NO;
				GCC_WARN_64_TO_32_BIT_CONVERSION = YES;
				GCC_WARN_ABOUT_RETURN_TYPE = YES_ERROR;
				GCC_WARN_UNDECLARED_SELECTOR = YES;
				GCC_WARN_UNINITIALIZED_AUTOS = YES_AGGRESSIVE;
				GCC_WARN_UNUSED_FUNCTION = YES;
				GCC_WARN_UNUSED_VARIABLE = YES;
				IPHONEOS_DEPLOYMENT_TARGET = 8.1;
				MTL_ENABLE_DEBUG_INFO = YES;
				ONLY_ACTIVE_ARCH = YES;
				SDKROOT = iphoneos;
				SWIFT_OPTIMIZATION_LEVEL = "-Onone";
				TARGETED_DEVICE_FAMILY = "1,2";
			};
			name = Debug;
		};
		4EC89C6B1A6DBEE5001802D2 /* Release */ = {
			isa = XCBuildConfiguration;
			buildSettings = {
				ALWAYS_SEARCH_USER_PATHS = NO;
				CLANG_CXX_LANGUAGE_STANDARD = "gnu++0x";
				CLANG_CXX_LIBRARY = "libc++";
				CLANG_ENABLE_MODULES = YES;
				CLANG_ENABLE_OBJC_ARC = YES;
				CLANG_WARN_BOOL_CONVERSION = YES;
				CLANG_WARN_CONSTANT_CONVERSION = YES;
				CLANG_WARN_DIRECT_OBJC_ISA_USAGE = YES_ERROR;
				CLANG_WARN_EMPTY_BODY = YES;
				CLANG_WARN_ENUM_CONVERSION = YES;
				CLANG_WARN_INT_CONVERSION = YES;
				CLANG_WARN_OBJC_ROOT_CLASS = YES_ERROR;
				CLANG_WARN_UNREACHABLE_CODE = YES;
				CLANG_WARN__DUPLICATE_METHOD_MATCH = YES;
				"CODE_SIGN_IDENTITY[sdk=iphoneos*]" = "iPhone Developer";
				COPY_PHASE_STRIP = YES;
				ENABLE_NS_ASSERTIONS = NO;
				ENABLE_STRICT_OBJC_MSGSEND = YES;
				GCC_C_LANGUAGE_STANDARD = gnu99;
				GCC_WARN_64_TO_32_BIT_CONVERSION = YES;
				GCC_WARN_ABOUT_RETURN_TYPE = YES_ERROR;
				GCC_WARN_UNDECLARED_SELECTOR = YES;
				GCC_WARN_UNINITIALIZED_AUTOS = YES_AGGRESSIVE;
				GCC_WARN_UNUSED_FUNCTION = YES;
				GCC_WARN_UNUSED_VARIABLE = YES;
				IPHONEOS_DEPLOYMENT_TARGET = 8.1;
				MTL_ENABLE_DEBUG_INFO = NO;
				SDKROOT = iphoneos;
				TARGETED_DEVICE_FAMILY = "1,2";
				VALIDATE_PRODUCT = YES;
			};
			name = Release;
		};
		4EC89C6D1A6DBEE5001802D2 /* Debug */ = {
			isa = XCBuildConfiguration;
			buildSettings = {
				ASSETCATALOG_COMPILER_APPICON_NAME = AppIcon;
				CODE_SIGN_ENTITLEMENTS = TwitterSearches/TwitterSearches.entitlements;
				CODE_SIGN_IDENTITY = "iPhone Developer";
				"CODE_SIGN_IDENTITY[sdk=iphoneos*]" = "iPhone Developer";
				INFOPLIST_FILE = TwitterSearches/Info.plist;
				LD_RUNPATH_SEARCH_PATHS = "$(inherited) @executable_path/Frameworks";
				PRODUCT_NAME = "$(TARGET_NAME)";
				PROVISIONING_PROFILE = "";
			};
			name = Debug;
		};
		4EC89C6E1A6DBEE5001802D2 /* Release */ = {
			isa = XCBuildConfiguration;
			buildSettings = {
				ASSETCATALOG_COMPILER_APPICON_NAME = AppIcon;
				CODE_SIGN_ENTITLEMENTS = TwitterSearches/TwitterSearches.entitlements;
				CODE_SIGN_IDENTITY = "iPhone Developer";
				"CODE_SIGN_IDENTITY[sdk=iphoneos*]" = "iPhone Developer";
				INFOPLIST_FILE = TwitterSearches/Info.plist;
				LD_RUNPATH_SEARCH_PATHS = "$(inherited) @executable_path/Frameworks";
				PRODUCT_NAME = "$(TARGET_NAME)";
				PROVISIONING_PROFILE = "";
			};
			name = Release;
		};
		4EC89C701A6DBEE5001802D2 /* Debug */ = {
			isa = XCBuildConfiguration;
			buildSettings = {
				BUNDLE_LOADER = "$(TEST_HOST)";
				FRAMEWORK_SEARCH_PATHS = (
					"$(SDKROOT)/Developer/Library/Frameworks",
					"$(inherited)",
				);
				GCC_PREPROCESSOR_DEFINITIONS = (
					"DEBUG=1",
					"$(inherited)",
				);
				INFOPLIST_FILE = TwitterSearchesTests/Info.plist;
				LD_RUNPATH_SEARCH_PATHS = "$(inherited) @executable_path/Frameworks @loader_path/Frameworks";
				PRODUCT_NAME = "$(TARGET_NAME)";
				TEST_HOST = "$(BUILT_PRODUCTS_DIR)/TwitterSearches.app/TwitterSearches";
			};
			name = Debug;
		};
		4EC89C711A6DBEE5001802D2 /* Release */ = {
			isa = XCBuildConfiguration;
			buildSettings = {
				BUNDLE_LOADER = "$(TEST_HOST)";
				FRAMEWORK_SEARCH_PATHS = (
					"$(SDKROOT)/Developer/Library/Frameworks",
					"$(inherited)",
				);
				INFOPLIST_FILE = TwitterSearchesTests/Info.plist;
				LD_RUNPATH_SEARCH_PATHS = "$(inherited) @executable_path/Frameworks @loader_path/Frameworks";
				PRODUCT_NAME = "$(TARGET_NAME)";
				TEST_HOST = "$(BUILT_PRODUCTS_DIR)/TwitterSearches.app/TwitterSearches";
			};
			name = Release;
		};
/* End XCBuildConfiguration section */

/* Begin XCConfigurationList section */
		4EC89C461A6DBEE5001802D2 /* Build configuration list for PBXProject "TwitterSearches" */ = {
			isa = XCConfigurationList;
			buildConfigurations = (
				4EC89C6A1A6DBEE5001802D2 /* Debug */,
				4EC89C6B1A6DBEE5001802D2 /* Release */,
			);
			defaultConfigurationIsVisible = 0;
			defaultConfigurationName = Release;
		};
		4EC89C6C1A6DBEE5001802D2 /* Build configuration list for PBXNativeTarget "TwitterSearches" */ = {
			isa = XCConfigurationList;
			buildConfigurations = (
				4EC89C6D1A6DBEE5001802D2 /* Debug */,
				4EC89C6E1A6DBEE5001802D2 /* Release */,
			);
			defaultConfigurationIsVisible = 0;
		};
		4EC89C6F1A6DBEE5001802D2 /* Build configuration list for PBXNativeTarget "TwitterSearchesTests" */ = {
			isa = XCConfigurationList;
			buildConfigurations = (
				4EC89C701A6DBEE5001802D2 /* Debug */,
				4EC89C711A6DBEE5001802D2 /* Release */,
			);
			defaultConfigurationIsVisible = 0;
		};
/* End XCConfigurationList section */
	};
	rootObject = 4EC89C431A6DBEE5001802D2 /* Project object */;
}
